
Microsoft Visual Studio Solution File, Format Version 12.00
# Visual Studio Version 17
VisualStudioVersion = 17.5.33516.290
MinimumVisualStudioVersion = 10.0.40219.1
Project("{FAE04EC0-301F-11D3-BF4B-00C04F79EFBC}") = "FactoryMethod", "FactoryMethod\FactoryMethod.csproj", "{E3DEDB8D-3744-41F6-8245-6D3DCAD6D437}"
EndProject
Project("{FAE04EC0-301F-11D3-BF4B-00C04F79EFBC}") = "AbstractFactory", "AbstractFactory\AbstractFactory.csproj", "{E7350EC5-1A49-4B87-B035-7BCE373C39DA}"
EndProject
Project("{FAE04EC0-301F-11D3-BF4B-00C04F79EFBC}") = "Singleton", "Singleton\Singleton.csproj", "{0140F871-5DC5-43B3-8ABC-5A32DF3B5E00}"
EndProject
Project("{FAE04EC0-301F-11D3-BF4B-00C04F79EFBC}") = "Builder", "Builder\Builder.csproj", "{59FB54F3-E5A5-4228-B09A-7642DF54C61E}"
EndProject
Project("{FAE04EC0-301F-11D3-BF4B-00C04F79EFBC}") = "Prototype", "Prototype\Prototype.csproj", "{44623119-15D0-49BE-A707-8BEE3156CB2C}"
EndProject
Project("{2150E333-8FDC-42A3-9474-1A3956D46DE8}") = "1 - Padroes de Criacao", "1 - Padroes de Criacao", "{BF9FD946-C50B-49AE-B15F-BCD6B6D39792}"
EndProject
Project("{2150E333-8FDC-42A3-9474-1A3956D46DE8}") = "2 - Padroes de Estrutura", "2 - Padroes de Estrutura", "{D1E903C7-46A9-48E3-8A29-18017F1D4010}"
EndProject
Project("{FAE04EC0-301F-11D3-BF4B-00C04F79EFBC}") = "Adapter", "Adapter\Adapter.csproj", "{C5C11C33-4E72-4E8F-89C6-CD501B64DF0D}"
EndProject
Project("{FAE04EC0-301F-11D3-BF4B-00C04F79EFBC}") = "Flyweight", "Flyweight\Flyweight.csproj", "{6C83728C-25AA-47CF-AD95-98A797F96A69}"
EndProject
Project("{FAE04EC0-301F-11D3-BF4B-00C04F79EFBC}") = "Bridge", "Bridge\Bridge.csproj", "{5EB417B1-990F-448D-931A-082A88A3913E}"
EndProject
Project("{FAE04EC0-301F-11D3-BF4B-00C04F79EFBC}") = "Composite", "Composite\Composite.csproj", "{22000620-0AA4-4110-A6A0-71933A7A71F9}"
EndProject
Global
	GlobalSection(SolutionConfigurationPlatforms) = preSolution
		Debug|Any CPU = Debug|Any CPU
		Release|Any CPU = Release|Any CPU
	EndGlobalSection
	GlobalSection(ProjectConfigurationPlatforms) = postSolution
		{E3DEDB8D-3744-41F6-8245-6D3DCAD6D437}.Debug|Any CPU.ActiveCfg = Debug|Any CPU
		{E3DEDB8D-3744-41F6-8245-6D3DCAD6D437}.Debug|Any CPU.Build.0 = Debug|Any CPU
		{E3DEDB8D-3744-41F6-8245-6D3DCAD6D437}.Release|Any CPU.ActiveCfg = Release|Any CPU
		{E3DEDB8D-3744-41F6-8245-6D3DCAD6D437}.Release|Any CPU.Build.0 = Release|Any CPU
		{E7350EC5-1A49-4B87-B035-7BCE373C39DA}.Debug|Any CPU.ActiveCfg = Debug|Any CPU
		{E7350EC5-1A49-4B87-B035-7BCE373C39DA}.Debug|Any CPU.Build.0 = Debug|Any CPU
		{E7350EC5-1A49-4B87-B035-7BCE373C39DA}.Release|Any CPU.ActiveCfg = Release|Any CPU
		{E7350EC5-1A49-4B87-B035-7BCE373C39DA}.Release|Any CPU.Build.0 = Release|Any CPU
		{0140F871-5DC5-43B3-8ABC-5A32DF3B5E00}.Debug|Any CPU.ActiveCfg = Debug|Any CPU
		{0140F871-5DC5-43B3-8ABC-5A32DF3B5E00}.Debug|Any CPU.Build.0 = Debug|Any CPU
		{0140F871-5DC5-43B3-8ABC-5A32DF3B5E00}.Release|Any CPU.ActiveCfg = Release|Any CPU
		{0140F871-5DC5-43B3-8ABC-5A32DF3B5E00}.Release|Any CPU.Build.0 = Release|Any CPU
		{59FB54F3-E5A5-4228-B09A-7642DF54C61E}.Debug|Any CPU.ActiveCfg = Debug|Any CPU
		{59FB54F3-E5A5-4228-B09A-7642DF54C61E}.Debug|Any CPU.Build.0 = Debug|Any CPU
		{59FB54F3-E5A5-4228-B09A-7642DF54C61E}.Release|Any CPU.ActiveCfg = Release|Any CPU
		{59FB54F3-E5A5-4228-B09A-7642DF54C61E}.Release|Any CPU.Build.0 = Release|Any CPU
		{44623119-15D0-49BE-A707-8BEE3156CB2C}.Debug|Any CPU.ActiveCfg = Debug|Any CPU
		{44623119-15D0-49BE-A707-8BEE3156CB2C}.Debug|Any CPU.Build.0 = Debug|Any CPU
		{44623119-15D0-49BE-A707-8BEE3156CB2C}.Release|Any CPU.ActiveCfg = Release|Any CPU
		{44623119-15D0-49BE-A707-8BEE3156CB2C}.Release|Any CPU.Build.0 = Release|Any CPU
		{C5C11C33-4E72-4E8F-89C6-CD501B64DF0D}.Debug|Any CPU.ActiveCfg = Debug|Any CPU
		{C5C11C33-4E72-4E8F-89C6-CD501B64DF0D}.Debug|Any CPU.Build.0 = Debug|Any CPU
		{C5C11C33-4E72-4E8F-89C6-CD501B64DF0D}.Release|Any CPU.ActiveCfg = Release|Any CPU
		{C5C11C33-4E72-4E8F-89C6-CD501B64DF0D}.Release|Any CPU.Build.0 = Release|Any CPU
		{6C83728C-25AA-47CF-AD95-98A797F96A69}.Debug|Any CPU.ActiveCfg = Debug|Any CPU
		{6C83728C-25AA-47CF-AD95-98A797F96A69}.Debug|Any CPU.Build.0 = Debug|Any CPU
		{6C83728C-25AA-47CF-AD95-98A797F96A69}.Release|Any CPU.ActiveCfg = Release|Any CPU
		{6C83728C-25AA-47CF-AD95-98A797F96A69}.Release|Any CPU.Build.0 = Release|Any CPU
		{5EB417B1-990F-448D-931A-082A88A3913E}.Debug|Any CPU.ActiveCfg = Debug|Any CPU
		{5EB417B1-990F-448D-931A-082A88A3913E}.Debug|Any CPU.Build.0 = Debug|Any CPU
		{5EB417B1-990F-448D-931A-082A88A3913E}.Release|Any CPU.ActiveCfg = Release|Any CPU
		{5EB417B1-990F-448D-931A-082A88A3913E}.Release|Any CPU.Build.0 = Release|Any CPU
		{22000620-0AA4-4110-A6A0-71933A7A71F9}.Debug|Any CPU.ActiveCfg = Debug|Any CPU
		{22000620-0AA4-4110-A6A0-71933A7A71F9}.Debug|Any CPU.Build.0 = Debug|Any CPU
		{22000620-0AA4-4110-A6A0-71933A7A71F9}.Release|Any CPU.ActiveCfg = Release|Any CPU
		{22000620-0AA4-4110-A6A0-71933A7A71F9}.Release|Any CPU.Build.0 = Release|Any CPU
	EndGlobalSection
	GlobalSection(SolutionProperties) = preSolution
		HideSolutionNode = FALSE
	EndGlobalSection
	GlobalSection(NestedProjects) = preSolution
		{E3DEDB8D-3744-41F6-8245-6D3DCAD6D437} = {BF9FD946-C50B-49AE-B15F-BCD6B6D39792}
		{E7350EC5-1A49-4B87-B035-7BCE373C39DA} = {BF9FD946-C50B-49AE-B15F-BCD6B6D39792}
		{0140F871-5DC5-43B3-8ABC-5A32DF3B5E00} = {BF9FD946-C50B-49AE-B15F-BCD6B6D39792}
		{59FB54F3-E5A5-4228-B09A-7642DF54C61E} = {BF9FD946-C50B-49AE-B15F-BCD6B6D39792}
		{44623119-15D0-49BE-A707-8BEE3156CB2C} = {BF9FD946-C50B-49AE-B15F-BCD6B6D39792}
	EndGlobalSection
	GlobalSection(ExtensibilityGlobals) = postSolution
		SolutionGuid = {4919BA13-8474-425C-BB52-40423B664378}
	EndGlobalSection
EndGlobal
